// !$*UTF8*$!
{
	archiveVersion = 1;
	classes = {
	};
	objectVersion = 56;
	objects = {

/* Begin PBXBuildFile section */
		E558776D2BDD4B730067614A /* sdfghjkjhgfdzxdcfghApp.swift in Sources */ = {isa = PBXBuildFile; fileRef = E558776C2BDD4B730067614A /* sdfghjkjhgfdzxdcfghApp.swift */; };
		E558776F2BDD4B730067614A /* ContentView.swift in Sources */ = {isa = PBXBuildFile; fileRef = E558776E2BDD4B730067614A /* ContentView.swift */; };
		E55877712BDD4B740067614A /* Assets.xcassets in Resources */ = {isa = PBXBuildFile; fileRef = E55877702BDD4B740067614A /* Assets.xcassets */; };
		E55877742BDD4B740067614A /* Preview Assets.xcassets in Resources */ = {isa = PBXBuildFile; fileRef = E55877732BDD4B740067614A /* Preview Assets.xcassets */; };
		E558777E2BDD4B740067614A /* sdfghjkjhgfdzxdcfghTests.swift in Sources */ = {isa = PBXBuildFile; fileRef = E558777D2BDD4B740067614A /* sdfghjkjhgfdzxdcfghTests.swift */; };
		E55877882BDD4B740067614A /* sdfghjkjhgfdzxdcfghUITests.swift in Sources */ = {isa = PBXBuildFile; fileRef = E55877872BDD4B740067614A /* sdfghjkjhgfdzxdcfghUITests.swift */; };
		E558778A2BDD4B740067614A /* sdfghjkjhgfdzxdcfghUITestsLaunchTests.swift in Sources */ = {isa = PBXBuildFile; fileRef = E55877892BDD4B740067614A /* sdfghjkjhgfdzxdcfghUITestsLaunchTests.swift */; };
/* End PBXBuildFile section */

/* Begin PBXContainerItemProxy section */
		E558777A2BDD4B740067614A /* PBXContainerItemProxy */ = {
			isa = PBXContainerItemProxy;
			containerPortal = E55877612BDD4B730067614A /* Project object */;
			proxyType = 1;
			remoteGlobalIDString = E55877682BDD4B730067614A;
			remoteInfo = sdfghjkjhgfdzxdcfgh;
		};
		E55877842BDD4B740067614A /* PBXContainerItemProxy */ = {
			isa = PBXContainerItemProxy;
			containerPortal = E55877612BDD4B730067614A /* Project object */;
			proxyType = 1;
			remoteGlobalIDString = E55877682BDD4B730067614A;
			remoteInfo = sdfghjkjhgfdzxdcfgh;
		};
/* End PBXContainerItemProxy section */

/* Begin PBXFileReference section */
		E55877692BDD4B730067614A /* sdfghjkjhgfdzxdcfgh.app */ = {isa = PBXFileReference; explicitFileType = wrapper.application; includeInIndex = 0; path = sdfghjkjhgfdzxdcfgh.app; sourceTree = BUILT_PRODUCTS_DIR; };
		E558776C2BDD4B730067614A /* sdfghjkjhgfdzxdcfghApp.swift */ = {isa = PBXFileReference; lastKnownFileType = sourcecode.swift; path = sdfghjkjhgfdzxdcfghApp.swift; sourceTree = "<group>"; };
		E558776E2BDD4B730067614A /* ContentView.swift */ = {isa = PBXFileReference; lastKnownFileType = sourcecode.swift; path = ContentView.swift; sourceTree = "<group>"; };
		E55877702BDD4B740067614A /* Assets.xcassets */ = {isa = PBXFileReference; lastKnownFileType = folder.assetcatalog; path = Assets.xcassets; sourceTree = "<group>"; };
		E55877732BDD4B740067614A /* Preview Assets.xcassets */ = {isa = PBXFileReference; lastKnownFileType = folder.assetcatalog; path = "Preview Assets.xcassets"; sourceTree = "<group>"; };
		E55877792BDD4B740067614A /* sdfghjkjhgfdzxdcfghTests.xctest */ = {isa = PBXFileReference; explicitFileType = wrapper.cfbundle; includeInIndex = 0; path = sdfghjkjhgfdzxdcfghTests.xctest; sourceTree = BUILT_PRODUCTS_DIR; };
		E558777D2BDD4B740067614A /* sdfghjkjhgfdzxdcfghTests.swift */ = {isa = PBXFileReference; lastKnownFileType = sourcecode.swift; path = sdfghjkjhgfdzxdcfghTests.swift; sourceTree = "<group>"; };
		E55877832BDD4B740067614A /* sdfghjkjhgfdzxdcfghUITests.xctest */ = {isa = PBXFileReference; explicitFileType = wrapper.cfbundle; includeInIndex = 0; path = sdfghjkjhgfdzxdcfghUITests.xctest; sourceTree = BUILT_PRODUCTS_DIR; };
		E55877872BDD4B740067614A /* sdfghjkjhgfdzxdcfghUITests.swift */ = {isa = PBXFileReference; lastKnownFileType = sourcecode.swift; path = sdfghjkjhgfdzxdcfghUITests.swift; sourceTree = "<group>"; };
		E55877892BDD4B740067614A /* sdfghjkjhgfdzxdcfghUITestsLaunchTests.swift */ = {isa = PBXFileReference; lastKnownFileType = sourcecode.swift; path = sdfghjkjhgfdzxdcfghUITestsLaunchTests.swift; sourceTree = "<group>"; };
/* End PBXFileReference section */

/* Begin PBXFrameworksBuildPhase section */
		E55877662BDD4B730067614A /* Frameworks */ = {
			isa = PBXFrameworksBuildPhase;
			buildActionMask = 2147483647;
			files = (
			);
			runOnlyForDeploymentPostprocessing = 0;
		};
		E55877762BDD4B740067614A /* Frameworks */ = {
			isa = PBXFrameworksBuildPhase;
			buildActionMask = 2147483647;
			files = (
			);
			runOnlyForDeploymentPostprocessing = 0;
		};
		E55877802BDD4B740067614A /* Frameworks */ = {
			isa = PBXFrameworksBuildPhase;
			buildActionMask = 2147483647;
			files = (
			);
			runOnlyForDeploymentPostprocessing = 0;
		};
/* End PBXFrameworksBuildPhase section */

/* Begin PBXGroup section */
		E55877602BDD4B730067614A = {
			isa = PBXGroup;
			children = (
				E558776B2BDD4B730067614A /* sdfghjkjhgfdzxdcfgh */,
				E558777C2BDD4B740067614A /* sdfghjkjhgfdzxdcfghTests */,
				E55877862BDD4B740067614A /* sdfghjkjhgfdzxdcfghUITests */,
				E558776A2BDD4B730067614A /* Products */,
			);
			sourceTree = "<group>";
		};
		E558776A2BDD4B730067614A /* Products */ = {
			isa = PBXGroup;
			children = (
				E55877692BDD4B730067614A /* sdfghjkjhgfdzxdcfgh.app */,
				E55877792BDD4B740067614A /* sdfghjkjhgfdzxdcfghTests.xctest */,
				E55877832BDD4B740067614A /* sdfghjkjhgfdzxdcfghUITests.xctest */,
			);
			name = Products;
			sourceTree = "<group>";
		};
		E558776B2BDD4B730067614A /* sdfghjkjhgfdzxdcfgh */ = {
			isa = PBXGroup;
			children = (
				E558776C2BDD4B730067614A /* sdfghjkjhgfdzxdcfghApp.swift */,
				E558776E2BDD4B730067614A /* ContentView.swift */,
				E55877702BDD4B740067614A /* Assets.xcassets */,
				E55877722BDD4B740067614A /* Preview Content */,
			);
			path = sdfghjkjhgfdzxdcfgh;
			sourceTree = "<group>";
		};
		E55877722BDD4B740067614A /* Preview Content */ = {
			isa = PBXGroup;
			children = (
				E55877732BDD4B740067614A /* Preview Assets.xcassets */,
			);
			path = "Preview Content";
			sourceTree = "<group>";
		};
		E558777C2BDD4B740067614A /* sdfghjkjhgfdzxdcfghTests */ = {
			isa = PBXGroup;
			children = (
				E558777D2BDD4B740067614A /* sdfghjkjhgfdzxdcfghTests.swift */,
			);
			path = sdfghjkjhgfdzxdcfghTests;
			sourceTree = "<group>";
		};
		E55877862BDD4B740067614A /* sdfghjkjhgfdzxdcfghUITests */ = {
			isa = PBXGroup;
			children = (
				E55877872BDD4B740067614A /* sdfghjkjhgfdzxdcfghUITests.swift */,
				E55877892BDD4B740067614A /* sdfghjkjhgfdzxdcfghUITestsLaunchTests.swift */,
			);
			path = sdfghjkjhgfdzxdcfghUITests;
			sourceTree = "<group>";
		};
/* End PBXGroup section */

/* Begin PBXNativeTarget section */
		E55877682BDD4B730067614A /* sdfghjkjhgfdzxdcfgh */ = {
			isa = PBXNativeTarget;
			buildConfigurationList = E558778D2BDD4B740067614A /* Build configuration list for PBXNativeTarget "sdfghjkjhgfdzxdcfgh" */;
			buildPhases = (
				E55877652BDD4B730067614A /* Sources */,
				E55877662BDD4B730067614A /* Frameworks */,
				E55877672BDD4B730067614A /* Resources */,
			);
			buildRules = (
			);
			dependencies = (
			);
			name = sdfghjkjhgfdzxdcfgh;
			productName = sdfghjkjhgfdzxdcfgh;
			productReference = E55877692BDD4B730067614A /* sdfghjkjhgfdzxdcfgh.app */;
			productType = "com.apple.product-type.application";
		};
		E55877782BDD4B740067614A /* sdfghjkjhgfdzxdcfghTests */ = {
			isa = PBXNativeTarget;
			buildConfigurationList = E55877902BDD4B740067614A /* Build configuration list for PBXNativeTarget "sdfghjkjhgfdzxdcfghTests" */;
			buildPhases = (
				E55877752BDD4B740067614A /* Sources */,
				E55877762BDD4B740067614A /* Frameworks */,
				E55877772BDD4B740067614A /* Resources */,
			);
			buildRules = (
			);
			dependencies = (
				E558777B2BDD4B740067614A /* PBXTargetDependency */,
			);
			name = sdfghjkjhgfdzxdcfghTests;
			productName = sdfghjkjhgfdzxdcfghTests;
			productReference = E55877792BDD4B740067614A /* sdfghjkjhgfdzxdcfghTests.xctest */;
			productType = "com.apple.product-type.bundle.unit-test";
		};
		E55877822BDD4B740067614A /* sdfghjkjhgfdzxdcfghUITests */ = {
			isa = PBXNativeTarget;
			buildConfigurationList = E55877932BDD4B740067614A /* Build configuration list for PBXNativeTarget "sdfghjkjhgfdzxdcfghUITests" */;
			buildPhases = (
				E558777F2BDD4B740067614A /* Sources */,
				E55877802BDD4B740067614A /* Frameworks */,
				E55877812BDD4B740067614A /* Resources */,
			);
			buildRules = (
			);
			dependencies = (
				E55877852BDD4B740067614A /* PBXTargetDependency */,
			);
			name = sdfghjkjhgfdzxdcfghUITests;
			productName = sdfghjkjhgfdzxdcfghUITests;
			productReference = E55877832BDD4B740067614A /* sdfghjkjhgfdzxdcfghUITests.xctest */;
			productType = "com.apple.product-type.bundle.ui-testing";
		};
/* End PBXNativeTarget section */

/* Begin PBXProject section */
		E55877612BDD4B730067614A /* Project object */ = {
			isa = PBXProject;
			attributes = {
				BuildIndependentTargetsInParallel = 1;
				LastSwiftUpdateCheck = 1530;
				LastUpgradeCheck = 1530;
				TargetAttributes = {
					E55877682BDD4B730067614A = {
						CreatedOnToolsVersion = 15.3;
					};
					E55877782BDD4B740067614A = {
						CreatedOnToolsVersion = 15.3;
						TestTargetID = E55877682BDD4B730067614A;
					};
					E55877822BDD4B740067614A = {
						CreatedOnToolsVersion = 15.3;
						TestTargetID = E55877682BDD4B730067614A;
					};
				};
			};
			buildConfigurationList = E55877642BDD4B730067614A /* Build configuration list for PBXProject "sdfghjkjhgfdzxdcfgh" */;
			compatibilityVersion = "Xcode 14.0";
			developmentRegion = en;
			hasScannedForEncodings = 0;
			knownRegions = (
				en,
				Base,
			);
			mainGroup = E55877602BDD4B730067614A;
			productRefGroup = E558776A2BDD4B730067614A /* Products */;
			projectDirPath = "";
			projectRoot = "";
			targets = (
				E55877682BDD4B730067614A /* sdfghjkjhgfdzxdcfgh */,
				E55877782BDD4B740067614A /* sdfghjkjhgfdzxdcfghTests */,
				E55877822BDD4B740067614A /* sdfghjkjhgfdzxdcfghUITests */,
			);
		};
/* End PBXProject section */

/* Begin PBXResourcesBuildPhase section */
		E55877672BDD4B730067614A /* Resources */ = {
			isa = PBXResourcesBuildPhase;
			buildActionMask = 2147483647;
			files = (
				E55877742BDD4B740067614A /* Preview Assets.xcassets in Resources */,
				E55877712BDD4B740067614A /* Assets.xcassets in Resources */,
			);
			runOnlyForDeploymentPostprocessing = 0;
		};
		E55877772BDD4B740067614A /* Resources */ = {
			isa = PBXResourcesBuildPhase;
			buildActionMask = 2147483647;
			files = (
			);
			runOnlyForDeploymentPostprocessing = 0;
		};
		E55877812BDD4B740067614A /* Resources */ = {
			isa = PBXResourcesBuildPhase;
			buildActionMask = 2147483647;
			files = (
			);
			runOnlyForDeploymentPostprocessing = 0;
		};
/* End PBXResourcesBuildPhase section */

/* Begin PBXSourcesBuildPhase section */
		E55877652BDD4B730067614A /* Sources */ = {
			isa = PBXSourcesBuildPhase;
			buildActionMask = 2147483647;
			files = (
				E558776F2BDD4B730067614A /* ContentView.swift in Sources */,
				E558776D2BDD4B730067614A /* sdfghjkjhgfdzxdcfghApp.swift in Sources */,
			);
			runOnlyForDeploymentPostprocessing = 0;
		};
		E55877752BDD4B740067614A /* Sources */ = {
			isa = PBXSourcesBuildPhase;
			buildActionMask = 2147483647;
			files = (
				E558777E2BDD4B740067614A /* sdfghjkjhgfdzxdcfghTests.swift in Sources */,
			);
			runOnlyForDeploymentPostprocessing = 0;
		};
		E558777F2BDD4B740067614A /* Sources */ = {
			isa = PBXSourcesBuildPhase;
			buildActionMask = 2147483647;
			files = (
				E55877882BDD4B740067614A /* sdfghjkjhgfdzxdcfghUITests.swift in Sources */,
				E558778A2BDD4B740067614A /* sdfghjkjhgfdzxdcfghUITestsLaunchTests.swift in Sources */,
			);
			runOnlyForDeploymentPostprocessing = 0;
		};
/* End PBXSourcesBuildPhase section */

/* Begin PBXTargetDependency section */
		E558777B2BDD4B740067614A /* PBXTargetDependency */ = {
			isa = PBXTargetDependency;
			target = E55877682BDD4B730067614A /* sdfghjkjhgfdzxdcfgh */;
			targetProxy = E558777A2BDD4B740067614A /* PBXContainerItemProxy */;
		};
		E55877852BDD4B740067614A /* PBXTargetDependency */ = {
			isa = PBXTargetDependency;
			target = E55877682BDD4B730067614A /* sdfghjkjhgfdzxdcfgh */;
			targetProxy = E55877842BDD4B740067614A /* PBXContainerItemProxy */;
		};
/* End PBXTargetDependency section */

/* Begin XCBuildConfiguration section */
		E558778B2BDD4B740067614A /* Debug */ = {
			isa = XCBuildConfiguration;
			buildSettings = {
				ALWAYS_SEARCH_USER_PATHS = NO;
				ASSETCATALOG_COMPILER_GENERATE_SWIFT_ASSET_SYMBOL_EXTENSIONS = YES;
				CLANG_ANALYZER_NONNULL = YES;
				CLANG_ANALYZER_NUMBER_OBJECT_CONVERSION = YES_AGGRESSIVE;
				CLANG_CXX_LANGUAGE_STANDARD = "gnu++20";
				CLANG_ENABLE_MODULES = YES;
				CLANG_ENABLE_OBJC_ARC = YES;
				CLANG_ENABLE_OBJC_WEAK = YES;
				CLANG_WARN_BLOCK_CAPTURE_AUTORELEASING = YES;
				CLANG_WARN_BOOL_CONVERSION = YES;
				CLANG_WARN_COMMA = YES;
				CLANG_WARN_CONSTANT_CONVERSION = YES;
				CLANG_WARN_DEPRECATED_OBJC_IMPLEMENTATIONS = YES;
				CLANG_WARN_DIRECT_OBJC_ISA_USAGE = YES_ERROR;
				CLANG_WARN_DOCUMENTATION_COMMENTS = YES;
				CLANG_WARN_EMPTY_BODY = YES;
				CLANG_WARN_ENUM_CONVERSION = YES;
				CLANG_WARN_INFINITE_RECURSION = YES;
				CLANG_WARN_INT_CONVERSION = YES;
				CLANG_WARN_NON_LITERAL_NULL_CONVERSION = YES;
				CLANG_WARN_OBJC_IMPLICIT_RETAIN_SELF = YES;
				CLANG_WARN_OBJC_LITERAL_CONVERSION = YES;
				CLANG_WARN_OBJC_ROOT_CLASS = YES_ERROR;
				CLANG_WARN_QUOTED_INCLUDE_IN_FRAMEWORK_HEADER = YES;
				CLANG_WARN_RANGE_LOOP_ANALYSIS = YES;
				CLANG_WARN_STRICT_PROTOTYPES = YES;
				CLANG_WARN_SUSPICIOUS_MOVE = YES;
				CLANG_WARN_UNGUARDED_AVAILABILITY = YES_AGGRESSIVE;
				CLANG_WARN_UNREACHABLE_CODE = YES;
				CLANG_WARN__DUPLICATE_METHOD_MATCH = YES;
				COPY_PHASE_STRIP = NO;
				DEBUG_INFORMATION_FORMAT = dwarf;
				ENABLE_STRICT_OBJC_MSGSEND = YES;
				ENABLE_TESTABILITY = YES;
				ENABLE_USER_SCRIPT_SANDBOXING = YES;
				GCC_C_LANGUAGE_STANDARD = gnu17;
				GCC_DYNAMIC_NO_PIC = NO;
				GCC_NO_COMMON_BLOCKS = YES;
				GCC_OPTIMIZATION_LEVEL = 0;
				GCC_PREPROCESSOR_DEFINITIONS = (
					"DEBUG=1",
					"$(inherited)",
				);
				GCC_WARN_64_TO_32_BIT_CONVERSION = YES;
				GCC_WARN_ABOUT_RETURN_TYPE = YES_ERROR;
				GCC_WARN_UNDECLARED_SELECTOR = YES;
				GCC_WARN_UNINITIALIZED_AUTOS = YES_AGGRESSIVE;
				GCC_WARN_UNUSED_FUNCTION = YES;
				GCC_WARN_UNUSED_VARIABLE = YES;
				IPHONEOS_DEPLOYMENT_TARGET = 17.4;
				LOCALIZATION_PREFERS_STRING_CATALOGS = YES;
				MTL_ENABLE_DEBUG_INFO = INCLUDE_SOURCE;
				MTL_FAST_MATH = YES;
				ONLY_ACTIVE_ARCH = YES;
				SDKROOT = iphoneos;
				SWIFT_ACTIVE_COMPILATION_CONDITIONS = "DEBUG $(inherited)";
				SWIFT_OPTIMIZATION_LEVEL = "-Onone";
			};
			name = Debug;
		};
		E558778C2BDD4B740067614A /* Release */ = {
			isa = XCBuildConfiguration;
			buildSettings = {
				ALWAYS_SEARCH_USER_PATHS = NO;
				ASSETCATALOG_COMPILER_GENERATE_SWIFT_ASSET_SYMBOL_EXTENSIONS = YES;
				CLANG_ANALYZER_NONNULL = YES;
				CLANG_ANALYZER_NUMBER_OBJECT_CONVERSION = YES_AGGRESSIVE;
				CLANG_CXX_LANGUAGE_STANDARD = "gnu++20";
				CLANG_ENABLE_MODULES = YES;
				CLANG_ENABLE_OBJC_ARC = YES;
				CLANG_ENABLE_OBJC_WEAK = YES;
				CLANG_WARN_BLOCK_CAPTURE_AUTORELEASING = YES;
				CLANG_WARN_BOOL_CONVERSION = YES;
				CLANG_WARN_COMMA = YES;
				CLANG_WARN_CONSTANT_CONVERSION = YES;
				CLANG_WARN_DEPRECATED_OBJC_IMPLEMENTATIONS = YES;
				CLANG_WARN_DIRECT_OBJC_ISA_USAGE = YES_ERROR;
				CLANG_WARN_DOCUMENTATION_COMMENTS = YES;
				CLANG_WARN_EMPTY_BODY = YES;
				CLANG_WARN_ENUM_CONVERSION = YES;
				CLANG_WARN_INFINITE_RECURSION = YES;
				CLANG_WARN_INT_CONVERSION = YES;
				CLANG_WARN_NON_LITERAL_NULL_CONVERSION = YES;
				CLANG_WARN_OBJC_IMPLICIT_RETAIN_SELF = YES;
				CLANG_WARN_OBJC_LITERAL_CONVERSION = YES;
				CLANG_WARN_OBJC_ROOT_CLASS = YES_ERROR;
				CLANG_WARN_QUOTED_INCLUDE_IN_FRAMEWORK_HEADER = YES;
				CLANG_WARN_RANGE_LOOP_ANALYSIS = YES;
				CLANG_WARN_STRICT_PROTOTYPES = YES;
				CLANG_WARN_SUSPICIOUS_MOVE = YES;
				CLANG_WARN_UNGUARDED_AVAILABILITY = YES_AGGRESSIVE;
				CLANG_WARN_UNREACHABLE_CODE = YES;
				CLANG_WARN__DUPLICATE_METHOD_MATCH = YES;
				COPY_PHASE_STRIP = NO;
				DEBUG_INFORMATION_FORMAT = "dwarf-with-dsym";
				ENABLE_NS_ASSERTIONS = NO;
				ENABLE_STRICT_OBJC_MSGSEND = YES;
				ENABLE_USER_SCRIPT_SANDBOXING = YES;
				GCC_C_LANGUAGE_STANDARD = gnu17;
				GCC_NO_COMMON_BLOCKS = YES;
				GCC_WARN_64_TO_32_BIT_CONVERSION = YES;
				GCC_WARN_ABOUT_RETURN_TYPE = YES_ERROR;
				GCC_WARN_UNDECLARED_SELECTOR = YES;
				GCC_WARN_UNINITIALIZED_AUTOS = YES_AGGRESSIVE;
				GCC_WARN_UNUSED_FUNCTION = YES;
				GCC_WARN_UNUSED_VARIABLE = YES;
				IPHONEOS_DEPLOYMENT_TARGET = 17.4;
				LOCALIZATION_PREFERS_STRING_CATALOGS = YES;
				MTL_ENABLE_DEBUG_INFO = NO;
				MTL_FAST_MATH = YES;
				SDKROOT = iphoneos;
				SWIFT_COMPILATION_MODE = wholemodule;
				VALIDATE_PRODUCT = YES;
			};
			name = Release;
		};
		E558778E2BDD4B740067614A /* Debug */ = {
			isa = XCBuildConfiguration;
			buildSettings = {
				ASSETCATALOG_COMPILER_APPICON_NAME = AppIcon;
				ASSETCATALOG_COMPILER_GLOBAL_ACCENT_COLOR_NAME = AccentColor;
				CODE_SIGN_STYLE = Automatic;
				CURRENT_PROJECT_VERSION = 1;
				DEVELOPMENT_ASSET_PATHS = "\"sdfghjkjhgfdzxdcfgh/Preview Content\"";
				DEVELOPMENT_TEAM = 4LJC3387F5;
				ENABLE_PREVIEWS = YES;
				GENERATE_INFOPLIST_FILE = YES;
				INFOPLIST_KEY_UIApplicationSceneManifest_Generation = YES;
				INFOPLIST_KEY_UIApplicationSupportsIndirectInputEvents = YES;
				INFOPLIST_KEY_UILaunchScreen_Generation = YES;
				INFOPLIST_KEY_UISupportedInterfaceOrientations_iPad = "UIInterfaceOrientationPortrait UIInterfaceOrientationPortraitUpsideDown UIInterfaceOrientationLandscapeLeft UIInterfaceOrientationLandscapeRight";
				INFOPLIST_KEY_UISupportedInterfaceOrientations_iPhone = "UIInterfaceOrientationPortrait UIInterfaceOrientationLandscapeLeft UIInterfaceOrientationLandscapeRight";
				LD_RUNPATH_SEARCH_PATHS = (
					"$(inherited)",
					"@executable_path/Frameworks",
				);
				MARKETING_VERSION = 1.0;
				PRODUCT_BUNDLE_IDENTIFIER = qwdef.sdfghjkjhgfdzxdcfgh;
				PRODUCT_NAME = "$(TARGET_NAME)";
				SWIFT_EMIT_LOC_STRINGS = YES;
				SWIFT_VERSION = 5.0;
				TARGETED_DEVICE_FAMILY = "1,2";
			};
			name = Debug;
		};
		E558778F2BDD4B740067614A /* Release */ = {
			isa = XCBuildConfiguration;
			buildSettings = {
				ASSETCATALOG_COMPILER_APPICON_NAME = AppIcon;
				ASSETCATALOG_COMPILER_GLOBAL_ACCENT_COLOR_NAME = AccentColor;
				CODE_SIGN_STYLE = Automatic;
				CURRENT_PROJECT_VERSION = 1;
				DEVELOPMENT_ASSET_PATHS = "\"sdfghjkjhgfdzxdcfgh/Preview Content\"";
				DEVELOPMENT_TEAM = 4LJC3387F5;
				ENABLE_PREVIEWS = YES;
				GENERATE_INFOPLIST_FILE = YES;
				INFOPLIST_KEY_UIApplicationSceneManifest_Generation = YES;
				INFOPLIST_KEY_UIApplicationSupportsIndirectInputEvents = YES;
				INFOPLIST_KEY_UILaunchScreen_Generation = YES;
				INFOPLIST_KEY_UISupportedInterfaceOrientations_iPad = "UIInterfaceOrientationPortrait UIInterfaceOrientationPortraitUpsideDown UIInterfaceOrientationLandscapeLeft UIInterfaceOrientationLandscapeRight";
				INFOPLIST_KEY_UISupportedInterfaceOrientations_iPhone = "UIInterfaceOrientationPortrait UIInterfaceOrientationLandscapeLeft UIInterfaceOrientationLandscapeRight";
				LD_RUNPATH_SEARCH_PATHS = (
					"$(inherited)",
					"@executable_path/Frameworks",
				);
				MARKETING_VERSION = 1.0;
				PRODUCT_BUNDLE_IDENTIFIER = qwdef.sdfghjkjhgfdzxdcfgh;
				PRODUCT_NAME = "$(TARGET_NAME)";
				SWIFT_EMIT_LOC_STRINGS = YES;
				SWIFT_VERSION = 5.0;
				TARGETED_DEVICE_FAMILY = "1,2";
			};
			name = Release;
		};
		E55877912BDD4B740067614A /* Debug */ = {
			isa = XCBuildConfiguration;
			buildSettings = {
				ALWAYS_EMBED_SWIFT_STANDARD_LIBRARIES = YES;
				BUNDLE_LOADER = "$(TEST_HOST)";
				CODE_SIGN_STYLE = Automatic;
				CURRENT_PROJECT_VERSION = 1;
				DEVELOPMENT_TEAM = 4LJC3387F5;
				GENERATE_INFOPLIST_FILE = YES;
				IPHONEOS_DEPLOYMENT_TARGET = 17.4;
				MARKETING_VERSION = 1.0;
				PRODUCT_BUNDLE_IDENTIFIER = qwdef.sdfghjkjhgfdzxdcfghTests;
				PRODUCT_NAME = "$(TARGET_NAME)";
				SWIFT_EMIT_LOC_STRINGS = NO;
				SWIFT_VERSION = 5.0;
				TARGETED_DEVICE_FAMILY = "1,2";
				TEST_HOST = "$(BUILT_PRODUCTS_DIR)/sdfghjkjhgfdzxdcfgh.app/$(BUNDLE_EXECUTABLE_FOLDER_PATH)/sdfghjkjhgfdzxdcfgh";
			};
			name = Debug;
		};
		E55877922BDD4B740067614A /* Release */ = {
			isa = XCBuildConfiguration;
			buildSettings = {
				ALWAYS_EMBED_SWIFT_STANDARD_LIBRARIES = YES;
				BUNDLE_LOADER = "$(TEST_HOST)";
				CODE_SIGN_STYLE = Automatic;
				CURRENT_PROJECT_VERSION = 1;
				DEVELOPMENT_TEAM = 4LJC3387F5;
				GENERATE_INFOPLIST_FILE = YES;
				IPHONEOS_DEPLOYMENT_TARGET = 17.4;
				MARKETING_VERSION = 1.0;
				PRODUCT_BUNDLE_IDENTIFIER = qwdef.sdfghjkjhgfdzxdcfghTests;
				PRODUCT_NAME = "$(TARGET_NAME)";
				SWIFT_EMIT_LOC_STRINGS = NO;
				SWIFT_VERSION = 5.0;
				TARGETED_DEVICE_FAMILY = "1,2";
				TEST_HOST = "$(BUILT_PRODUCTS_DIR)/sdfghjkjhgfdzxdcfgh.app/$(BUNDLE_EXECUTABLE_FOLDER_PATH)/sdfghjkjhgfdzxdcfgh";
			};
			name = Release;
		};
		E55877942BDD4B740067614A /* Debug */ = {
			isa = XCBuildConfiguration;
			buildSettings = {
				ALWAYS_EMBED_SWIFT_STANDARD_LIBRARIES = YES;
				CODE_SIGN_STYLE = Automatic;
				CURRENT_PROJECT_VERSION = 1;
				DEVELOPMENT_TEAM = 4LJC3387F5;
				GENERATE_INFOPLIST_FILE = YES;
				MARKETING_VERSION = 1.0;
				PRODUCT_BUNDLE_IDENTIFIER = qwdef.sdfghjkjhgfdzxdcfghUITests;
				PRODUCT_NAME = "$(TARGET_NAME)";
				SWIFT_EMIT_LOC_STRINGS = NO;
				SWIFT_VERSION = 5.0;
				TARGETED_DEVICE_FAMILY = "1,2";
				TEST_TARGET_NAME = sdfghjkjhgfdzxdcfgh;
			};
			name = Debug;
		};
		E55877952BDD4B740067614A /* Release */ = {
			isa = XCBuildConfiguration;
			buildSettings = {
				ALWAYS_EMBED_SWIFT_STANDARD_LIBRARIES = YES;
				CODE_SIGN_STYLE = Automatic;
				CURRENT_PROJECT_VERSION = 1;
				DEVELOPMENT_TEAM = 4LJC3387F5;
				GENERATE_INFOPLIST_FILE = YES;
				MARKETING_VERSION = 1.0;
				PRODUCT_BUNDLE_IDENTIFIER = qwdef.sdfghjkjhgfdzxdcfghUITests;
				PRODUCT_NAME = "$(TARGET_NAME)";
				SWIFT_EMIT_LOC_STRINGS = NO;
				SWIFT_VERSION = 5.0;
				TARGETED_DEVICE_FAMILY = "1,2";
				TEST_TARGET_NAME = sdfghjkjhgfdzxdcfgh;
			};
			name = Release;
		};
/* End XCBuildConfiguration section */

/* Begin XCConfigurationList section */
		E55877642BDD4B730067614A /* Build configuration list for PBXProject "sdfghjkjhgfdzxdcfgh" */ = {
			isa = XCConfigurationList;
			buildConfigurations = (
				E558778B2BDD4B740067614A /* Debug */,
				E558778C2BDD4B740067614A /* Release */,
			);
			defaultConfigurationIsVisible = 0;
			defaultConfigurationName = Release;
		};
		E558778D2BDD4B740067614A /* Build configuration list for PBXNativeTarget "sdfghjkjhgfdzxdcfgh" */ = {
			isa = XCConfigurationList;
			buildConfigurations = (
				E558778E2BDD4B740067614A /* Debug */,
				E558778F2BDD4B740067614A /* Release */,
			);
			defaultConfigurationIsVisible = 0;
			defaultConfigurationName = Release;
		};
		E55877902BDD4B740067614A /* Build configuration list for PBXNativeTarget "sdfghjkjhgfdzxdcfghTests" */ = {
			isa = XCConfigurationList;
			buildConfigurations = (
				E55877912BDD4B740067614A /* Debug */,
				E55877922BDD4B740067614A /* Release */,
			);
			defaultConfigurationIsVisible = 0;
			defaultConfigurationName = Release;
		};
		E55877932BDD4B740067614A /* Build configuration list for PBXNativeTarget "sdfghjkjhgfdzxdcfghUITests" */ = {
			isa = XCConfigurationList;
			buildConfigurations = (
				E55877942BDD4B740067614A /* Debug */,
				E55877952BDD4B740067614A /* Release */,
			);
			defaultConfigurationIsVisible = 0;
			defaultConfigurationName = Release;
		};
/* End XCConfigurationList section */
	};
	rootObject = E55877612BDD4B730067614A /* Project object */;
}
